
Microsoft Visual Studio Solution File, Format Version 12.00
# Visual Studio Version 17
VisualStudioVersion = 17.3.32929.385
MinimumVisualStudioVersion = 10.0.40219.1
Project("{9A19103F-16F7-4668-BE54-9A1E7A4F7556}") = "DataCaptureService", "DataCaptureService\DataCaptureService.csproj", "{01B7EE3A-CAF9-4442-8969-4A96B1D6EE49}"
EndProject
Project("{FAE04EC0-301F-11D3-BF4B-00C04F79EFBC}") = "Client", "Client\Client.csproj", "{90D3C439-6B64-4A51-B7CA-BB966336AA9A}"
EndProject
Global
	GlobalSection(SolutionConfigurationPlatforms) = preSolution
		Debug|Any CPU = Debug|Any CPU
		Release|Any CPU = Release|Any CPU
	EndGlobalSection
	GlobalSection(ProjectConfigurationPlatforms) = postSolution
		{01B7EE3A-CAF9-4442-8969-4A96B1D6EE49}.Debug|Any CPU.ActiveCfg = Debug|Any CPU
		{01B7EE3A-CAF9-4442-8969-4A96B1D6EE49}.Debug|Any CPU.Build.0 = Debug|Any CPU
		{01B7EE3A-CAF9-4442-8969-4A96B1D6EE49}.Release|Any CPU.ActiveCfg = Release|Any CPU
		{01B7EE3A-CAF9-4442-8969-4A96B1D6EE49}.Release|Any CPU.Build.0 = Release|Any CPU
		{90D3C439-6B64-4A51-B7CA-BB966336AA9A}.Debug|Any CPU.ActiveCfg = Debug|Any CPU
		{90D3C439-6B64-4A51-B7CA-BB966336AA9A}.Debug|Any CPU.Build.0 = Debug|Any CPU
		{90D3C439-6B64-4A51-B7CA-BB966336AA9A}.Release|Any CPU.ActiveCfg = Release|Any CPU
		{90D3C439-6B64-4A51-B7CA-BB966336AA9A}.Release|Any CPU.Build.0 = Release|Any CPU
	EndGlobalSection
	GlobalSection(SolutionProperties) = preSolution
		HideSolutionNode = FALSE
	EndGlobalSection
	GlobalSection(ExtensibilityGlobals) = postSolution
		SolutionGuid = {593071EB-CB61-4C5C-AD7C-08D0BBE9D072}
	EndGlobalSection
EndGlobal
